GIT
  remote: https://github.com/vidarh/skrift-boxdrawing.git
  revision: e077893b3942e09ea533da49873cb12a02746ff1
  branch: master
  specs:
    skrift-boxdrawing (0.1.0)
      skrift (>= 0.3.0)

GIT
  remote: https://github.com/vidarh/skrift-color.git
  revision: e077893b3942e09ea533da49873cb12a02746ff1
  branch: master
  specs:
    skrift-color (0.1.0)
      skrift (>= 0.3.0)

GIT
  remote: https://github.com/vidarh/skrift-x11.git
  revision: e077893b3942e09ea533da49873cb12a02746ff1
  branch: master
  specs:
    skrift-x11 (0.2.2)
      pure-x11
      skrift (>= 0.3.0)
      skrift-boxdrawing (>= 0.1.0)

GIT
  remote: https://github.com/vidarh/skrift.git
  revision: e077893b3942e09ea533da49873cb12a02746ff1
  branch: master
  specs:
    skrift (0.4.0)

PATH
  remote: .
  specs:
    rubyterm (0.1.3)
      pure-x11
      skrift
      skrift-x11
      toml-rb

GEM
  remote: https://rubygems.org/
  specs:
    citrus (3.0.2)
    pure-x11 (0.0.14)
    racc (1.8.1)
    toml-rb (4.0.0)
      citrus (~> 3.0, > 3.0)
      racc (~> 1.7)

PLATFORMS
  ruby
  x86_64-linux

DEPENDENCIES
  rubyterm!
  skrift!
  skrift-boxdrawing!
  skrift-color!
  skrift-x11!

BUNDLED WITH
   2.6.3
