GIT
  remote: https://github.com/vidarh/skrift-x11.git
  revision: e68c0ab058259b676559ec3476daa5789c547995
  branch: master
  specs:
    skrift-x11 (0.2.2)
      pure-x11
      skrift

GIT
  remote: https://github.com/vidarh/skrift.git
  revision: 8f732768eb1fe61a900af48c17579d65058331ab
  branch: master
  specs:
    skrift (0.2.0)

PATH
  remote: .
  specs:
    rubyterm (0.1.0)
      pure-x11
      skrift
      skrift-x11
      toml-rb

GEM
  remote: https://rubygems.org/
  specs:
    citrus (3.0.2)
    pure-x11 (0.0.14)
    racc (1.8.1)
    toml-rb (4.0.0)
      citrus (~> 3.0, > 3.0)
      racc (~> 1.7)

PLATFORMS
  ruby
  x86_64-linux

DEPENDENCIES
  rubyterm!
  skrift!
  skrift-x11!

BUNDLED WITH
   2.6.3
